// !$*UTF8*$!
{
	archiveVersion = 1;
	classes = {
	};
	objectVersion = 50;
	objects = {

/* Begin PBXBuildFile section */
		3FCE3E0022CF783D00FDEEE7 /* AppDelegate.swift in Sources */ = {isa = PBXBuildFile; fileRef = 3FCE3DFF22CF783D00FDEEE7 /* AppDelegate.swift */; };
		3FCE3E0222CF783D00FDEEE7 /* ViewController.swift in Sources */ = {isa = PBXBuildFile; fileRef = 3FCE3E0122CF783D00FDEEE7 /* ViewController.swift */; };
		3FCE3E0522CF783D00FDEEE7 /* Main.storyboard in Resources */ = {isa = PBXBuildFile; fileRef = 3FCE3E0322CF783D00FDEEE7 /* Main.storyboard */; };
		3FCE3E0722CF783F00FDEEE7 /* Assets.xcassets in Resources */ = {isa = PBXBuildFile; fileRef = 3FCE3E0622CF783F00FDEEE7 /* Assets.xcassets */; };
		3FCE3E0A22CF783F00FDEEE7 /* LaunchScreen.storyboard in Resources */ = {isa = PBXBuildFile; fileRef = 3FCE3E0822CF783F00FDEEE7 /* LaunchScreen.storyboard */; };
/* End PBXBuildFile section */

/* Begin PBXFileReference section */
		3FCE3DFC22CF783D00FDEEE7 /* PayFort.app */ = {isa = PBXFileReference; explicitFileType = wrapper.application; includeInIndex = 0; path = PayFort.app; sourceTree = BUILT_PRODUCTS_DIR; };
		3FCE3DFF22CF783D00FDEEE7 /* AppDelegate.swift */ = {isa = PBXFileReference; lastKnownFileType = sourcecode.swift; path = AppDelegate.swift; sourceTree = "<group>"; };
		3FCE3E0122CF783D00FDEEE7 /* ViewController.swift */ = {isa = PBXFileReference; lastKnownFileType = sourcecode.swift; path = ViewController.swift; sourceTree = "<group>"; };
		3FCE3E0422CF783D00FDEEE7 /* Base */ = {isa = PBXFileReference; lastKnownFileType = file.storyboard; name = Base; path = Base.lproj/Main.storyboard; sourceTree = "<group>"; };
		3FCE3E0622CF783F00FDEEE7 /* Assets.xcassets */ = {isa = PBXFileReference; lastKnownFileType = folder.assetcatalog; path = Assets.xcassets; sourceTree = "<group>"; };
		3FCE3E0922CF783F00FDEEE7 /* Base */ = {isa = PBXFileReference; lastKnownFileType = file.storyboard; name = Base; path = Base.lproj/LaunchScreen.storyboard; sourceTree = "<group>"; };
		3FCE3E0B22CF783F00FDEEE7 /* Info.plist */ = {isa = PBXFileReference; lastKnownFileType = text.plist.xml; path = Info.plist; sourceTree = "<group>"; };
/* End PBXFileReference section */

/* Begin PBXFrameworksBuildPhase section */
		3FCE3DF922CF783D00FDEEE7 /* Frameworks */ = {
			isa = PBXFrameworksBuildPhase;
			buildActionMask = 2147483647;
			files = (
			);
			runOnlyForDeploymentPostprocessing = 0;
		};
/* End PBXFrameworksBuildPhase section */

/* Begin PBXGroup section */
		3FCE3DF322CF783D00FDEEE7 = {
			isa = PBXGroup;
			children = (
				3FCE3DFE22CF783D00FDEEE7 /* PayFort */,
				3FCE3DFD22CF783D00FDEEE7 /* Products */,
			);
			sourceTree = "<group>";
		};
		3FCE3DFD22CF783D00FDEEE7 /* Products */ = {
			isa = PBXGroup;
			children = (
				3FCE3DFC22CF783D00FDEEE7 /* PayFort.app */,
			);
			name = Products;
			sourceTree = "<group>";
		};
		3FCE3DFE22CF783D00FDEEE7 /* PayFort */ = {
			isa = PBXGroup;
			children = (
				3FCE3DFF22CF783D00FDEEE7 /* AppDelegate.swift */,
				3FCE3E0122CF783D00FDEEE7 /* ViewController.swift */,
				3FCE3E0322CF783D00FDEEE7 /* Main.storyboard */,
				3FCE3E0622CF783F00FDEEE7 /* Assets.xcassets */,
				3FCE3E0822CF783F00FDEEE7 /* LaunchScreen.storyboard */,
				3FCE3E0B22CF783F00FDEEE7 /* Info.plist */,
			);
			path = PayFort;
			sourceTree = "<group>";
		};
/* End PBXGroup section */

/* Begin PBXNativeTarget section */
		3FCE3DFB22CF783D00FDEEE7 /* PayFort */ = {
			isa = PBXNativeTarget;
			buildConfigurationList = 3FCE3E0E22CF783F00FDEEE7 /* Build configuration list for PBXNativeTarget "PayFort" */;
			buildPhases = (
				3FCE3DF822CF783D00FDEEE7 /* Sources */,
				3FCE3DF922CF783D00FDEEE7 /* Frameworks */,
				3FCE3DFA22CF783D00FDEEE7 /* Resources */,
			);
			buildRules = (
			);
			dependencies = (
			);
			name = PayFort;
			productName = PayFort;
			productReference = 3FCE3DFC22CF783D00FDEEE7 /* PayFort.app */;
			productType = "com.apple.product-type.application";
		};
/* End PBXNativeTarget section */

/* Begin PBXProject section */
		3FCE3DF422CF783D00FDEEE7 /* Project object */ = {
			isa = PBXProject;
			attributes = {
				LastSwiftUpdateCheck = 1010;
				LastUpgradeCheck = 1010;
				ORGANIZATIONNAME = devloop;
				TargetAttributes = {
					3FCE3DFB22CF783D00FDEEE7 = {
						CreatedOnToolsVersion = 10.1;
					};
				};
			};
			buildConfigurationList = 3FCE3DF722CF783D00FDEEE7 /* Build configuration list for PBXProject "PayFort" */;
			compatibilityVersion = "Xcode 9.3";
			developmentRegion = en;
			hasScannedForEncodings = 0;
			knownRegions = (
				en,
				Base,
			);
			mainGroup = 3FCE3DF322CF783D00FDEEE7;
			productRefGroup = 3FCE3DFD22CF783D00FDEEE7 /* Products */;
			projectDirPath = "";
			projectRoot = "";
			targets = (
				3FCE3DFB22CF783D00FDEEE7 /* PayFort */,
			);
		};
/* End PBXProject section */

/* Begin PBXResourcesBuildPhase section */
		3FCE3DFA22CF783D00FDEEE7 /* Resources */ = {
			isa = PBXResourcesBuildPhase;
			buildActionMask = 2147483647;
			files = (
				3FCE3E0A22CF783F00FDEEE7 /* LaunchScreen.storyboard in Resources */,
				3FCE3E0722CF783F00FDEEE7 /* Assets.xcassets in Resources */,
				3FCE3E0522CF783D00FDEEE7 /* Main.storyboard in Resources */,
			);
			runOnlyForDeploymentPostprocessing = 0;
		};
/* End PBXResourcesBuildPhase section */

/* Begin PBXSourcesBuildPhase section */
		3FCE3DF822CF783D00FDEEE7 /* Sources */ = {
			isa = PBXSourcesBuildPhase;
			buildActionMask = 2147483647;
			files = (
				3FCE3E0222CF783D00FDEEE7 /* ViewController.swift in Sources */,
				3FCE3E0022CF783D00FDEEE7 /* AppDelegate.swift in Sources */,
			);
			runOnlyForDeploymentPostprocessing = 0;
		};
/* End PBXSourcesBuildPhase section */

/* Begin PBXVariantGroup section */
		3FCE3E0322CF783D00FDEEE7 /* Main.storyboard */ = {
			isa = PBXVariantGroup;
			children = (
				3FCE3E0422CF783D00FDEEE7 /* Base */,
			);
			name = Main.storyboard;
			sourceTree = "<group>";
		};
		3FCE3E0822CF783F00FDEEE7 /* LaunchScreen.storyboard */ = {
			isa = PBXVariantGroup;
			children = (
				3FCE3E0922CF783F00FDEEE7 /* Base */,
			);
			name = LaunchScreen.storyboard;
			sourceTree = "<group>";
		};
/* End PBXVariantGroup section */

/* Begin XCBuildConfiguration section */
		3FCE3E0C22CF783F00FDEEE7 /* Debug */ = {
			isa = XCBuildConfiguration;
			buildSettings = {
				ALWAYS_SEARCH_USER_PATHS = NO;
				CLANG_ANALYZER_NONNULL = YES;
				CLANG_ANALYZER_NUMBER_OBJECT_CONVERSION = YES_AGGRESSIVE;
				CLANG_CXX_LANGUAGE_STANDARD = "gnu++14";
				CLANG_CXX_LIBRARY = "libc++";
				CLANG_ENABLE_MODULES = YES;
				CLANG_ENABLE_OBJC_ARC = YES;
				CLANG_ENABLE_OBJC_WEAK = YES;
				CLANG_WARN_BLOCK_CAPTURE_AUTORELEASING = YES;
				CLANG_WARN_BOOL_CONVERSION = YES;
				CLANG_WARN_COMMA = YES;
				CLANG_WARN_CONSTANT_CONVERSION = YES;
				CLANG_WARN_DEPRECATED_OBJC_IMPLEMENTATIONS = YES;
				CLANG_WARN_DIRECT_OBJC_ISA_USAGE = YES_ERROR;
				CLANG_WARN_DOCUMENTATION_COMMENTS = YES;
				CLANG_WARN_EMPTY_BODY = YES;
				CLANG_WARN_ENUM_CONVERSION = YES;
				CLANG_WARN_INFINITE_RECURSION = YES;
				CLANG_WARN_INT_CONVERSION = YES;
				CLANG_WARN_NON_LITERAL_NULL_CONVERSION = YES;
				CLANG_WARN_OBJC_IMPLICIT_RETAIN_SELF = YES;
				CLANG_WARN_OBJC_LITERAL_CONVERSION = YES;
				CLANG_WARN_OBJC_ROOT_CLASS = YES_ERROR;
				CLANG_WARN_RANGE_LOOP_ANALYSIS = YES;
				CLANG_WARN_STRICT_PROTOTYPES = YES;
				CLANG_WARN_SUSPICIOUS_MOVE = YES;
				CLANG_WARN_UNGUARDED_AVAILABILITY = YES_AGGRESSIVE;
				CLANG_WARN_UNREACHABLE_CODE = YES;
				CLANG_WARN__DUPLICATE_METHOD_MATCH = YES;
				CODE_SIGN_IDENTITY = "iPhone Developer";
				COPY_PHASE_STRIP = NO;
				DEBUG_INFORMATION_FORMAT = dwarf;
				ENABLE_STRICT_OBJC_MSGSEND = YES;
				ENABLE_TESTABILITY = YES;
				GCC_C_LANGUAGE_STANDARD = gnu11;
				GCC_DYNAMIC_NO_PIC = NO;
				GCC_NO_COMMON_BLOCKS = YES;
				GCC_OPTIMIZATION_LEVEL = 0;
				GCC_PREPROCESSOR_DEFINITIONS = (
					"DEBUG=1",
					"$(inherited)",
				);
				GCC_WARN_64_TO_32_BIT_CONVERSION = YES;
				GCC_WARN_ABOUT_RETURN_TYPE = YES_ERROR;
				GCC_WARN_UNDECLARED_SELECTOR = YES;
				GCC_WARN_UNINITIALIZED_AUTOS = YES_AGGRESSIVE;
				GCC_WARN_UNUSED_FUNCTION = YES;
				GCC_WARN_UNUSED_VARIABLE = YES;
				IPHONEOS_DEPLOYMENT_TARGET = 12.1;
				MTL_ENABLE_DEBUG_INFO = INCLUDE_SOURCE;
				MTL_FAST_MATH = YES;
				ONLY_ACTIVE_ARCH = YES;
				SDKROOT = iphoneos;
				SWIFT_ACTIVE_COMPILATION_CONDITIONS = DEBUG;
				SWIFT_OPTIMIZATION_LEVEL = "-Onone";
			};
			name = Debug;
		};
		3FCE3E0D22CF783F00FDEEE7 /* Release */ = {
			isa = XCBuildConfiguration;
			buildSettings = {
				ALWAYS_SEARCH_USER_PATHS = NO;
				CLANG_ANALYZER_NONNULL = YES;
				CLANG_ANALYZER_NUMBER_OBJECT_CONVERSION = YES_AGGRESSIVE;
				CLANG_CXX_LANGUAGE_STANDARD = "gnu++14";
				CLANG_CXX_LIBRARY = "libc++";
				CLANG_ENABLE_MODULES = YES;
				CLANG_ENABLE_OBJC_ARC = YES;
				CLANG_ENABLE_OBJC_WEAK = YES;
				CLANG_WARN_BLOCK_CAPTURE_AUTORELEASING = YES;
				CLANG_WARN_BOOL_CONVERSION = YES;
				CLANG_WARN_COMMA = YES;
				CLANG_WARN_CONSTANT_CONVERSION = YES;
				CLANG_WARN_DEPRECATED_OBJC_IMPLEMENTATIONS = YES;
				CLANG_WARN_DIRECT_OBJC_ISA_USAGE = YES_ERROR;
				CLANG_WARN_DOCUMENTATION_COMMENTS = YES;
				CLANG_WARN_EMPTY_BODY = YES;
				CLANG_WARN_ENUM_CONVERSION = YES;
				CLANG_WARN_INFINITE_RECURSION = YES;
				CLANG_WARN_INT_CONVERSION = YES;
				CLANG_WARN_NON_LITERAL_NULL_CONVERSION = YES;
				CLANG_WARN_OBJC_IMPLICIT_RETAIN_SELF = YES;
				CLANG_WARN_OBJC_LITERAL_CONVERSION = YES;
				CLANG_WARN_OBJC_ROOT_CLASS = YES_ERROR;
				CLANG_WARN_RANGE_LOOP_ANALYSIS = YES;
				CLANG_WARN_STRICT_PROTOTYPES = YES;
				CLANG_WARN_SUSPICIOUS_MOVE = YES;
				CLANG_WARN_UNGUARDED_AVAILABILITY = YES_AGGRESSIVE;
				CLANG_WARN_UNREACHABLE_CODE = YES;
				CLANG_WARN__DUPLICATE_METHOD_MATCH = YES;
				CODE_SIGN_IDENTITY = "iPhone Developer";
				COPY_PHASE_STRIP = NO;
				DEBUG_INFORMATION_FORMAT = "dwarf-with-dsym";
				ENABLE_NS_ASSERTIONS = NO;
				ENABLE_STRICT_OBJC_MSGSEND = YES;
				GCC_C_LANGUAGE_STANDARD = gnu11;
				GCC_NO_COMMON_BLOCKS = YES;
				GCC_WARN_64_TO_32_BIT_CONVERSION = YES;
				GCC_WARN_ABOUT_RETURN_TYPE = YES_ERROR;
				GCC_WARN_UNDECLARED_SELECTOR = YES;
				GCC_WARN_UNINITIALIZED_AUTOS = YES_AGGRESSIVE;
				GCC_WARN_UNUSED_FUNCTION = YES;
				GCC_WARN_UNUSED_VARIABLE = YES;
				IPHONEOS_DEPLOYMENT_TARGET = 12.1;
				MTL_ENABLE_DEBUG_INFO = NO;
				MTL_FAST_MATH = YES;
				SDKROOT = iphoneos;
				SWIFT_COMPILATION_MODE = wholemodule;
				SWIFT_OPTIMIZATION_LEVEL = "-O";
				VALIDATE_PRODUCT = YES;
			};
			name = Release;
		};
		3FCE3E0F22CF783F00FDEEE7 /* Debug */ = {
			isa = XCBuildConfiguration;
			buildSettings = {
				ASSETCATALOG_COMPILER_APPICON_NAME = AppIcon;
				CODE_SIGN_STYLE = Automatic;
				DEVELOPMENT_TEAM = 364D324M34;
				INFOPLIST_FILE = PayFort/Info.plist;
				LD_RUNPATH_SEARCH_PATHS = (
					"$(inherited)",
					"@executable_path/Frameworks",
				);
				PRODUCT_BUNDLE_IDENTIFIER = com.devloop.PayFort;
				PRODUCT_NAME = "$(TARGET_NAME)";
				SWIFT_VERSION = 4.2;
				TARGETED_DEVICE_FAMILY = "1,2";
			};
			name = Debug;
		};
		3FCE3E1022CF783F00FDEEE7 /* Release */ = {
			isa = XCBuildConfiguration;
			buildSettings = {
				ASSETCATALOG_COMPILER_APPICON_NAME = AppIcon;
				CODE_SIGN_STYLE = Automatic;
				DEVELOPMENT_TEAM = 364D324M34;
				INFOPLIST_FILE = PayFort/Info.plist;
				LD_RUNPATH_SEARCH_PATHS = (
					"$(inherited)",
					"@executable_path/Frameworks",
				);
				PRODUCT_BUNDLE_IDENTIFIER = com.devloop.PayFort;
				PRODUCT_NAME = "$(TARGET_NAME)";
				SWIFT_VERSION = 4.2;
				TARGETED_DEVICE_FAMILY = "1,2";
			};
			name = Release;
		};
/* End XCBuildConfiguration section */

/* Begin XCConfigurationList section */
		3FCE3DF722CF783D00FDEEE7 /* Build configuration list for PBXProject "PayFort" */ = {
			isa = XCConfigurationList;
			buildConfigurations = (
				3FCE3E0C22CF783F00FDEEE7 /* Debug */,
				3FCE3E0D22CF783F00FDEEE7 /* Release */,
			);
			defaultConfigurationIsVisible = 0;
			defaultConfigurationName = Release;
		};
		3FCE3E0E22CF783F00FDEEE7 /* Build configuration list for PBXNativeTarget "PayFort" */ = {
			isa = XCConfigurationList;
			buildConfigurations = (
				3FCE3E0F22CF783F00FDEEE7 /* Debug */,
				3FCE3E1022CF783F00FDEEE7 /* Release */,
			);
			defaultConfigurationIsVisible = 0;
			defaultConfigurationName = Release;
		};
/* End XCConfigurationList section */
	};
	rootObject = 3FCE3DF422CF783D00FDEEE7 /* Project object */;
}
